
Microsoft Visual Studio Solution File, Format Version 12.00
# Visual Studio Version 17
VisualStudioVersion = 17.8.34309.116
MinimumVisualStudioVersion = 10.0.40219.1
Project("{FAE04EC0-301F-11D3-BF4B-00C04F79EFBC}") = "PracticaAPI", "PracticaAPI\PracticaAPI.csproj", "{97A882EF-D28C-4609-B19F-8137124324A1}"
EndProject
Global
	GlobalSection(SolutionConfigurationPlatforms) = preSolution
		Debug|Any CPU = Debug|Any CPU
		Release|Any CPU = Release|Any CPU
	EndGlobalSection
	GlobalSection(ProjectConfigurationPlatforms) = postSolution
		{97A882EF-D28C-4609-B19F-8137124324A1}.Debug|Any CPU.ActiveCfg = Debug|Any CPU
		{97A882EF-D28C-4609-B19F-8137124324A1}.Debug|Any CPU.Build.0 = Debug|Any CPU
		{97A882EF-D28C-4609-B19F-8137124324A1}.Release|Any CPU.ActiveCfg = Release|Any CPU
		{97A882EF-D28C-4609-B19F-8137124324A1}.Release|Any CPU.Build.0 = Release|Any CPU
	EndGlobalSection
	GlobalSection(SolutionProperties) = preSolution
		HideSolutionNode = FALSE
	EndGlobalSection
	GlobalSection(ExtensibilityGlobals) = postSolution
		SolutionGuid = {DCA3470C-3CBF-4DDA-88D5-CEAA7D46CFE0}
	EndGlobalSection
EndGlobal
